
Microsoft Visual Studio Solution File, Format Version 12.00
# Visual Studio 15
VisualStudioVersion = 15.0.28307.271
MinimumVisualStudioVersion = 10.0.40219.1
Project("{FAE04EC0-301F-11D3-BF4B-00C04F79EFBC}") = "VLCLibTest", "VLCLibTest\VLCLibTest.csproj", "{2BFA02C8-0FEB-413C-A1E4-4FDB8E295007}"
EndProject
Global
	GlobalSection(SolutionConfigurationPlatforms) = preSolution
		Debug|Any CPU = Debug|Any CPU
		Release|Any CPU = Release|Any CPU
	EndGlobalSection
	GlobalSection(ProjectConfigurationPlatforms) = postSolution
		{2BFA02C8-0FEB-413C-A1E4-4FDB8E295007}.Debug|Any CPU.ActiveCfg = Debug|Any CPU
		{2BFA02C8-0FEB-413C-A1E4-4FDB8E295007}.Debug|Any CPU.Build.0 = Debug|Any CPU
		{2BFA02C8-0FEB-413C-A1E4-4FDB8E295007}.Release|Any CPU.ActiveCfg = Release|Any CPU
		{2BFA02C8-0FEB-413C-A1E4-4FDB8E295007}.Release|Any CPU.Build.0 = Release|Any CPU
	EndGlobalSection
	GlobalSection(SolutionProperties) = preSolution
		HideSolutionNode = FALSE
	EndGlobalSection
	GlobalSection(ExtensibilityGlobals) = postSolution
		SolutionGuid = {63BCB011-A745-4C3D-8F71-3C7BF8CC8A7D}
	EndGlobalSection
EndGlobal
